// !$*UTF8*$!
{
	archiveVersion = 1;
	classes = {
	};
	objectVersion = 77;
	objects = {

/* Begin PBXBuildFile section */
		D8B31BCB2DA456D100949EE9 /* MicrosoftCognitiveServicesSpeech.xcframework in Frameworks */ = {isa = PBXBuildFile; fileRef = D8B31BC02DA42FF800949EE9 /* MicrosoftCognitiveServicesSpeech.xcframework */; };
		D8B31BCC2DA456D100949EE9 /* MicrosoftCognitiveServicesSpeech.xcframework in Embed Frameworks */ = {isa = PBXBuildFile; fileRef = D8B31BC02DA42FF800949EE9 /* MicrosoftCognitiveServicesSpeech.xcframework */; settings = {ATTRIBUTES = (CodeSignOnCopy, RemoveHeadersOnCopy, ); }; };
/* End PBXBuildFile section */

/* Begin PBXContainerItemProxy section */
		D87E5E262D38182600FFC779 /* PBXContainerItemProxy */ = {
			isa = PBXContainerItemProxy;
			containerPortal = D87E5E0D2D38182500FFC779 /* Project object */;
			proxyType = 1;
			remoteGlobalIDString = D87E5E142D38182500FFC779;
			remoteInfo = LingualAudio;
		};
		D87E5E302D38182600FFC779 /* PBXContainerItemProxy */ = {
			isa = PBXContainerItemProxy;
			containerPortal = D87E5E0D2D38182500FFC779 /* Project object */;
			proxyType = 1;
			remoteGlobalIDString = D87E5E142D38182500FFC779;
			remoteInfo = LingualAudio;
		};
/* End PBXContainerItemProxy section */

/* Begin PBXCopyFilesBuildPhase section */
		D8B31BCD2DA456D100949EE9 /* Embed Frameworks */ = {
			isa = PBXCopyFilesBuildPhase;
			buildActionMask = 2147483647;
			dstPath = "";
			dstSubfolderSpec = 10;
			files = (
				D8B31BCC2DA456D100949EE9 /* MicrosoftCognitiveServicesSpeech.xcframework in Embed Frameworks */,
			);
			name = "Embed Frameworks";
			runOnlyForDeploymentPostprocessing = 0;
		};
/* End PBXCopyFilesBuildPhase section */

/* Begin PBXFileReference section */
		D87E5E152D38182500FFC779 /* LingualAudio.app */ = {isa = PBXFileReference; explicitFileType = wrapper.application; includeInIndex = 0; path = LingualAudio.app; sourceTree = BUILT_PRODUCTS_DIR; };
		D87E5E252D38182600FFC779 /* LingualAudioTests.xctest */ = {isa = PBXFileReference; explicitFileType = wrapper.cfbundle; includeInIndex = 0; path = LingualAudioTests.xctest; sourceTree = BUILT_PRODUCTS_DIR; };
		D87E5E2F2D38182600FFC779 /* LingualAudioUITests.xctest */ = {isa = PBXFileReference; explicitFileType = wrapper.cfbundle; includeInIndex = 0; path = LingualAudioUITests.xctest; sourceTree = BUILT_PRODUCTS_DIR; };
		D8B31BC02DA42FF800949EE9 /* MicrosoftCognitiveServicesSpeech.xcframework */ = {isa = PBXFileReference; lastKnownFileType = wrapper.xcframework; path = MicrosoftCognitiveServicesSpeech.xcframework; sourceTree = "<group>"; };
/* End PBXFileReference section */

/* Begin PBXFileSystemSynchronizedRootGroup section */
		D87E5E172D38182500FFC779 /* LingualAudio */ = {
			isa = PBXFileSystemSynchronizedRootGroup;
			path = LingualAudio;
			sourceTree = "<group>";
		};
		D87E5E282D38182600FFC779 /* LingualAudioTests */ = {
			isa = PBXFileSystemSynchronizedRootGroup;
			path = LingualAudioTests;
			sourceTree = "<group>";
		};
		D87E5E322D38182600FFC779 /* LingualAudioUITests */ = {
			isa = PBXFileSystemSynchronizedRootGroup;
			path = LingualAudioUITests;
			sourceTree = "<group>";
		};
		D87E5E432D38194700FFC779 /* Models */ = {
			isa = PBXFileSystemSynchronizedRootGroup;
			path = Models;
			sourceTree = "<group>";
		};
		D87E5E442D38195900FFC779 /* Views */ = {
			isa = PBXFileSystemSynchronizedRootGroup;
			path = Views;
			sourceTree = "<group>";
		};
		D87E5E452D38196400FFC779 /* ViewModels */ = {
			isa = PBXFileSystemSynchronizedRootGroup;
			path = ViewModels;
			sourceTree = "<group>";
		};
		D87E5E462D38197D00FFC779 /* Services */ = {
			isa = PBXFileSystemSynchronizedRootGroup;
			path = Services;
			sourceTree = "<group>";
		};
		D87E5E472D38199A00FFC779 /* Utils */ = {
			isa = PBXFileSystemSynchronizedRootGroup;
			path = Utils;
			sourceTree = "<group>";
		};
/* End PBXFileSystemSynchronizedRootGroup section */

/* Begin PBXFrameworksBuildPhase section */
		D87E5E122D38182500FFC779 /* Frameworks */ = {
			isa = PBXFrameworksBuildPhase;
			buildActionMask = 2147483647;
			files = (
				D8B31BCB2DA456D100949EE9 /* MicrosoftCognitiveServicesSpeech.xcframework in Frameworks */,
			);
			runOnlyForDeploymentPostprocessing = 0;
		};
		D87E5E222D38182600FFC779 /* Frameworks */ = {
			isa = PBXFrameworksBuildPhase;
			buildActionMask = 2147483647;
			files = (
			);
			runOnlyForDeploymentPostprocessing = 0;
		};
		D87E5E2C2D38182600FFC779 /* Frameworks */ = {
			isa = PBXFrameworksBuildPhase;
			buildActionMask = 2147483647;
			files = (
			);
			runOnlyForDeploymentPostprocessing = 0;
		};
/* End PBXFrameworksBuildPhase section */

/* Begin PBXGroup section */
		D87E5E0C2D38182500FFC779 = {
			isa = PBXGroup;
			children = (
				D8B31BBF2DA42D7700949EE9 /* Frameworks */,
				D87E5E472D38199A00FFC779 /* Utils */,
				D87E5E462D38197D00FFC779 /* Services */,
				D87E5E452D38196400FFC779 /* ViewModels */,
				D87E5E442D38195900FFC779 /* Views */,
				D87E5E432D38194700FFC779 /* Models */,
				D87E5E172D38182500FFC779 /* LingualAudio */,
				D87E5E282D38182600FFC779 /* LingualAudioTests */,
				D87E5E322D38182600FFC779 /* LingualAudioUITests */,
				D87E5E162D38182500FFC779 /* Products */,
			);
			sourceTree = "<group>";
		};
		D87E5E162D38182500FFC779 /* Products */ = {
			isa = PBXGroup;
			children = (
				D87E5E152D38182500FFC779 /* LingualAudio.app */,
				D87E5E252D38182600FFC779 /* LingualAudioTests.xctest */,
				D87E5E2F2D38182600FFC779 /* LingualAudioUITests.xctest */,
			);
			name = Products;
			sourceTree = "<group>";
		};
		D8B31BBF2DA42D7700949EE9 /* Frameworks */ = {
			isa = PBXGroup;
			children = (
				D8B31BC02DA42FF800949EE9 /* MicrosoftCognitiveServicesSpeech.xcframework */,
			);
			path = Frameworks;
			sourceTree = "<group>";
		};
/* End PBXGroup section */

/* Begin PBXNativeTarget section */
		D87E5E142D38182500FFC779 /* LingualAudio */ = {
			isa = PBXNativeTarget;
			buildConfigurationList = D87E5E392D38182600FFC779 /* Build configuration list for PBXNativeTarget "LingualAudio" */;
			buildPhases = (
				D87E5E112D38182500FFC779 /* Sources */,
				D87E5E122D38182500FFC779 /* Frameworks */,
				D87E5E132D38182500FFC779 /* Resources */,
				D8B31BCD2DA456D100949EE9 /* Embed Frameworks */,
			);
			buildRules = (
			);
			dependencies = (
			);
			fileSystemSynchronizedGroups = (
				D87E5E172D38182500FFC779 /* LingualAudio */,
				D87E5E432D38194700FFC779 /* Models */,
				D87E5E442D38195900FFC779 /* Views */,
				D87E5E452D38196400FFC779 /* ViewModels */,
				D87E5E462D38197D00FFC779 /* Services */,
				D87E5E472D38199A00FFC779 /* Utils */,
			);
			name = LingualAudio;
			packageProductDependencies = (
			);
			productName = LingualAudio;
			productReference = D87E5E152D38182500FFC779 /* LingualAudio.app */;
			productType = "com.apple.product-type.application";
		};
		D87E5E242D38182600FFC779 /* LingualAudioTests */ = {
			isa = PBXNativeTarget;
			buildConfigurationList = D87E5E3C2D38182600FFC779 /* Build configuration list for PBXNativeTarget "LingualAudioTests" */;
			buildPhases = (
				D87E5E212D38182600FFC779 /* Sources */,
				D87E5E222D38182600FFC779 /* Frameworks */,
				D87E5E232D38182600FFC779 /* Resources */,
			);
			buildRules = (
			);
			dependencies = (
				D87E5E272D38182600FFC779 /* PBXTargetDependency */,
			);
			fileSystemSynchronizedGroups = (
				D87E5E282D38182600FFC779 /* LingualAudioTests */,
			);
			name = LingualAudioTests;
			packageProductDependencies = (
			);
			productName = LingualAudioTests;
			productReference = D87E5E252D38182600FFC779 /* LingualAudioTests.xctest */;
			productType = "com.apple.product-type.bundle.unit-test";
		};
		D87E5E2E2D38182600FFC779 /* LingualAudioUITests */ = {
			isa = PBXNativeTarget;
			buildConfigurationList = D87E5E3F2D38182600FFC779 /* Build configuration list for PBXNativeTarget "LingualAudioUITests" */;
			buildPhases = (
				D87E5E2B2D38182600FFC779 /* Sources */,
				D87E5E2C2D38182600FFC779 /* Frameworks */,
				D87E5E2D2D38182600FFC779 /* Resources */,
			);
			buildRules = (
			);
			dependencies = (
				D87E5E312D38182600FFC779 /* PBXTargetDependency */,
			);
			fileSystemSynchronizedGroups = (
				D87E5E322D38182600FFC779 /* LingualAudioUITests */,
			);
			name = LingualAudioUITests;
			packageProductDependencies = (
			);
			productName = LingualAudioUITests;
			productReference = D87E5E2F2D38182600FFC779 /* LingualAudioUITests.xctest */;
			productType = "com.apple.product-type.bundle.ui-testing";
		};
/* End PBXNativeTarget section */

/* Begin PBXProject section */
		D87E5E0D2D38182500FFC779 /* Project object */ = {
			isa = PBXProject;
			attributes = {
				BuildIndependentTargetsInParallel = 1;
				LastSwiftUpdateCheck = 1620;
				LastUpgradeCheck = 1620;
				TargetAttributes = {
					D87E5E142D38182500FFC779 = {
						CreatedOnToolsVersion = 16.2;
					};
					D87E5E242D38182600FFC779 = {
						CreatedOnToolsVersion = 16.2;
						TestTargetID = D87E5E142D38182500FFC779;
					};
					D87E5E2E2D38182600FFC779 = {
						CreatedOnToolsVersion = 16.2;
						TestTargetID = D87E5E142D38182500FFC779;
					};
				};
			};
			buildConfigurationList = D87E5E102D38182500FFC779 /* Build configuration list for PBXProject "LingualAudio" */;
			developmentRegion = en;
			hasScannedForEncodings = 0;
			knownRegions = (
				en,
				Base,
			);
			mainGroup = D87E5E0C2D38182500FFC779;
			minimizedProjectReferenceProxies = 1;
			preferredProjectObjectVersion = 77;
			productRefGroup = D87E5E162D38182500FFC779 /* Products */;
			projectDirPath = "";
			projectRoot = "";
			targets = (
				D87E5E142D38182500FFC779 /* LingualAudio */,
				D87E5E242D38182600FFC779 /* LingualAudioTests */,
				D87E5E2E2D38182600FFC779 /* LingualAudioUITests */,
			);
		};
/* End PBXProject section */

/* Begin PBXResourcesBuildPhase section */
		D87E5E132D38182500FFC779 /* Resources */ = {
			isa = PBXResourcesBuildPhase;
			buildActionMask = 2147483647;
			files = (
			);
			runOnlyForDeploymentPostprocessing = 0;
		};
		D87E5E232D38182600FFC779 /* Resources */ = {
			isa = PBXResourcesBuildPhase;
			buildActionMask = 2147483647;
			files = (
			);
			runOnlyForDeploymentPostprocessing = 0;
		};
		D87E5E2D2D38182600FFC779 /* Resources */ = {
			isa = PBXResourcesBuildPhase;
			buildActionMask = 2147483647;
			files = (
			);
			runOnlyForDeploymentPostprocessing = 0;
		};
/* End PBXResourcesBuildPhase section */

/* Begin PBXSourcesBuildPhase section */
		D87E5E112D38182500FFC779 /* Sources */ = {
			isa = PBXSourcesBuildPhase;
			buildActionMask = 2147483647;
			files = (
			);
			runOnlyForDeploymentPostprocessing = 0;
		};
		D87E5E212D38182600FFC779 /* Sources */ = {
			isa = PBXSourcesBuildPhase;
			buildActionMask = 2147483647;
			files = (
			);
			runOnlyForDeploymentPostprocessing = 0;
		};
		D87E5E2B2D38182600FFC779 /* Sources */ = {
			isa = PBXSourcesBuildPhase;
			buildActionMask = 2147483647;
			files = (
			);
			runOnlyForDeploymentPostprocessing = 0;
		};
/* End PBXSourcesBuildPhase section */

/* Begin PBXTargetDependency section */
		D87E5E272D38182600FFC779 /* PBXTargetDependency */ = {
			isa = PBXTargetDependency;
			target = D87E5E142D38182500FFC779 /* LingualAudio */;
			targetProxy = D87E5E262D38182600FFC779 /* PBXContainerItemProxy */;
		};
		D87E5E312D38182600FFC779 /* PBXTargetDependency */ = {
			isa = PBXTargetDependency;
			target = D87E5E142D38182500FFC779 /* LingualAudio */;
			targetProxy = D87E5E302D38182600FFC779 /* PBXContainerItemProxy */;
		};
/* End PBXTargetDependency section */

/* Begin XCBuildConfiguration section */
		D87E5E372D38182600FFC779 /* Debug */ = {
			isa = XCBuildConfiguration;
			buildSettings = {
				ALWAYS_SEARCH_USER_PATHS = NO;
				ASSETCATALOG_COMPILER_GENERATE_SWIFT_ASSET_SYMBOL_EXTENSIONS = YES;
				CLANG_ANALYZER_NONNULL = YES;
				CLANG_ANALYZER_NUMBER_OBJECT_CONVERSION = YES_AGGRESSIVE;
				CLANG_CXX_LANGUAGE_STANDARD = "gnu++20";
				CLANG_ENABLE_MODULES = YES;
				CLANG_ENABLE_OBJC_ARC = YES;
				CLANG_ENABLE_OBJC_WEAK = YES;
				CLANG_WARN_BLOCK_CAPTURE_AUTORELEASING = YES;
				CLANG_WARN_BOOL_CONVERSION = YES;
				CLANG_WARN_COMMA = YES;
				CLANG_WARN_CONSTANT_CONVERSION = YES;
				CLANG_WARN_DEPRECATED_OBJC_IMPLEMENTATIONS = YES;
				CLANG_WARN_DIRECT_OBJC_ISA_USAGE = YES_ERROR;
				CLANG_WARN_DOCUMENTATION_COMMENTS = YES;
				CLANG_WARN_EMPTY_BODY = YES;
				CLANG_WARN_ENUM_CONVERSION = YES;
				CLANG_WARN_INFINITE_RECURSION = YES;
				CLANG_WARN_INT_CONVERSION = YES;
				CLANG_WARN_NON_LITERAL_NULL_CONVERSION = YES;
				CLANG_WARN_OBJC_IMPLICIT_RETAIN_SELF = YES;
				CLANG_WARN_OBJC_LITERAL_CONVERSION = YES;
				CLANG_WARN_OBJC_ROOT_CLASS = YES_ERROR;
				CLANG_WARN_QUOTED_INCLUDE_IN_FRAMEWORK_HEADER = YES;
				CLANG_WARN_RANGE_LOOP_ANALYSIS = YES;
				CLANG_WARN_STRICT_PROTOTYPES = YES;
				CLANG_WARN_SUSPICIOUS_MOVE = YES;
				CLANG_WARN_UNGUARDED_AVAILABILITY = YES_AGGRESSIVE;
				CLANG_WARN_UNREACHABLE_CODE = YES;
				CLANG_WARN__DUPLICATE_METHOD_MATCH = YES;
				COPY_PHASE_STRIP = NO;
				DEBUG_INFORMATION_FORMAT = dwarf;
				ENABLE_STRICT_OBJC_MSGSEND = YES;
				ENABLE_TESTABILITY = YES;
				ENABLE_USER_SCRIPT_SANDBOXING = YES;
				GCC_C_LANGUAGE_STANDARD = gnu17;
				GCC_DYNAMIC_NO_PIC = NO;
				GCC_NO_COMMON_BLOCKS = YES;
				GCC_OPTIMIZATION_LEVEL = 0;
				GCC_PREPROCESSOR_DEFINITIONS = (
					"DEBUG=1",
					"$(inherited)",
				);
				GCC_WARN_64_TO_32_BIT_CONVERSION = YES;
				GCC_WARN_ABOUT_RETURN_TYPE = YES_ERROR;
				GCC_WARN_UNDECLARED_SELECTOR = YES;
				GCC_WARN_UNINITIALIZED_AUTOS = YES_AGGRESSIVE;
				GCC_WARN_UNUSED_FUNCTION = YES;
				GCC_WARN_UNUSED_VARIABLE = YES;
				IPHONEOS_DEPLOYMENT_TARGET = 18.2;
				LOCALIZATION_PREFERS_STRING_CATALOGS = YES;
				MTL_ENABLE_DEBUG_INFO = INCLUDE_SOURCE;
				MTL_FAST_MATH = YES;
				ONLY_ACTIVE_ARCH = YES;
				SDKROOT = iphoneos;
				SWIFT_ACTIVE_COMPILATION_CONDITIONS = "DEBUG $(inherited)";
				SWIFT_OPTIMIZATION_LEVEL = "-Onone";
			};
			name = Debug;
		};
		D87E5E382D38182600FFC779 /* Release */ = {
			isa = XCBuildConfiguration;
			buildSettings = {
				ALWAYS_SEARCH_USER_PATHS = NO;
				ASSETCATALOG_COMPILER_GENERATE_SWIFT_ASSET_SYMBOL_EXTENSIONS = YES;
				CLANG_ANALYZER_NONNULL = YES;
				CLANG_ANALYZER_NUMBER_OBJECT_CONVERSION = YES_AGGRESSIVE;
				CLANG_CXX_LANGUAGE_STANDARD = "gnu++20";
				CLANG_ENABLE_MODULES = YES;
				CLANG_ENABLE_OBJC_ARC = YES;
				CLANG_ENABLE_OBJC_WEAK = YES;
				CLANG_WARN_BLOCK_CAPTURE_AUTORELEASING = YES;
				CLANG_WARN_BOOL_CONVERSION = YES;
				CLANG_WARN_COMMA = YES;
				CLANG_WARN_CONSTANT_CONVERSION = YES;
				CLANG_WARN_DEPRECATED_OBJC_IMPLEMENTATIONS = YES;
				CLANG_WARN_DIRECT_OBJC_ISA_USAGE = YES_ERROR;
				CLANG_WARN_DOCUMENTATION_COMMENTS = YES;
				CLANG_WARN_EMPTY_BODY = YES;
				CLANG_WARN_ENUM_CONVERSION = YES;
				CLANG_WARN_INFINITE_RECURSION = YES;
				CLANG_WARN_INT_CONVERSION = YES;
				CLANG_WARN_NON_LITERAL_NULL_CONVERSION = YES;
				CLANG_WARN_OBJC_IMPLICIT_RETAIN_SELF = YES;
				CLANG_WARN_OBJC_LITERAL_CONVERSION = YES;
				CLANG_WARN_OBJC_ROOT_CLASS = YES_ERROR;
				CLANG_WARN_QUOTED_INCLUDE_IN_FRAMEWORK_HEADER = YES;
				CLANG_WARN_RANGE_LOOP_ANALYSIS = YES;
				CLANG_WARN_STRICT_PROTOTYPES = YES;
				CLANG_WARN_SUSPICIOUS_MOVE = YES;
				CLANG_WARN_UNGUARDED_AVAILABILITY = YES_AGGRESSIVE;
				CLANG_WARN_UNREACHABLE_CODE = YES;
				CLANG_WARN__DUPLICATE_METHOD_MATCH = YES;
				COPY_PHASE_STRIP = NO;
				DEBUG_INFORMATION_FORMAT = "dwarf-with-dsym";
				ENABLE_NS_ASSERTIONS = NO;
				ENABLE_STRICT_OBJC_MSGSEND = YES;
				ENABLE_USER_SCRIPT_SANDBOXING = YES;
				GCC_C_LANGUAGE_STANDARD = gnu17;
				GCC_NO_COMMON_BLOCKS = YES;
				GCC_WARN_64_TO_32_BIT_CONVERSION = YES;
				GCC_WARN_ABOUT_RETURN_TYPE = YES_ERROR;
				GCC_WARN_UNDECLARED_SELECTOR = YES;
				GCC_WARN_UNINITIALIZED_AUTOS = YES_AGGRESSIVE;
				GCC_WARN_UNUSED_FUNCTION = YES;
				GCC_WARN_UNUSED_VARIABLE = YES;
				IPHONEOS_DEPLOYMENT_TARGET = 18.2;
				LOCALIZATION_PREFERS_STRING_CATALOGS = YES;
				MTL_ENABLE_DEBUG_INFO = NO;
				MTL_FAST_MATH = YES;
				SDKROOT = iphoneos;
				SWIFT_COMPILATION_MODE = wholemodule;
				VALIDATE_PRODUCT = YES;
			};
			name = Release;
		};
		D87E5E3A2D38182600FFC779 /* Debug */ = {
			isa = XCBuildConfiguration;
			buildSettings = {
				ASSETCATALOG_COMPILER_APPICON_NAME = AppIcon;
				ASSETCATALOG_COMPILER_GLOBAL_ACCENT_COLOR_NAME = AccentColor;
				ASSETCATALOG_COMPILER_INCLUDE_ALL_APPICON_ASSETS = NO;
				CODE_SIGN_STYLE = Automatic;
				CURRENT_PROJECT_VERSION = 1;
				DEVELOPMENT_ASSET_PATHS = "\"LingualAudio/Preview Content\"";
				DEVELOPMENT_TEAM = PQT8A3CDP4;
				ENABLE_PREVIEWS = YES;
				GENERATE_INFOPLIST_FILE = YES;
				INFOPLIST_KEY_NSMicrophoneUsageDescription = "We need microphone access for speech recognition and translation\nWe need microphone access for speech recognition and translation\n";
				INFOPLIST_KEY_UIApplicationSceneManifest_Generation = YES;
				INFOPLIST_KEY_UIApplicationSupportsIndirectInputEvents = YES;
				INFOPLIST_KEY_UILaunchScreen_Generation = YES;
				INFOPLIST_KEY_UISupportedInterfaceOrientations_iPad = "UIInterfaceOrientationPortrait UIInterfaceOrientationPortraitUpsideDown UIInterfaceOrientationLandscapeLeft UIInterfaceOrientationLandscapeRight";
				INFOPLIST_KEY_UISupportedInterfaceOrientations_iPhone = "UIInterfaceOrientationPortrait UIInterfaceOrientationLandscapeLeft UIInterfaceOrientationLandscapeRight";
				LD_RUNPATH_SEARCH_PATHS = (
					"$(inherited)",
					"@executable_path/Frameworks",
				);
				MARKETING_VERSION = 1.0;
				PRODUCT_BUNDLE_IDENTIFIER = com.yiboliang.LingualAudio;
				PRODUCT_NAME = "$(TARGET_NAME)";
				SWIFT_EMIT_LOC_STRINGS = YES;
				SWIFT_VERSION = 5.0;
				TARGETED_DEVICE_FAMILY = "1,2";
			};
			name = Debug;
		};
		D87E5E3B2D38182600FFC779 /* Release */ = {
			isa = XCBuildConfiguration;
			buildSettings = {
				ASSETCATALOG_COMPILER_APPICON_NAME = AppIcon;
				ASSETCATALOG_COMPILER_GLOBAL_ACCENT_COLOR_NAME = AccentColor;
				ASSETCATALOG_COMPILER_INCLUDE_ALL_APPICON_ASSETS = NO;
				CODE_SIGN_STYLE = Automatic;
				CURRENT_PROJECT_VERSION = 1;
				DEVELOPMENT_ASSET_PATHS = "\"LingualAudio/Preview Content\"";
				DEVELOPMENT_TEAM = PQT8A3CDP4;
				ENABLE_PREVIEWS = YES;
				GENERATE_INFOPLIST_FILE = YES;
				INFOPLIST_KEY_NSMicrophoneUsageDescription = "We need microphone access for speech recognition and translation\n";
				INFOPLIST_KEY_UIApplicationSceneManifest_Generation = YES;
				INFOPLIST_KEY_UIApplicationSupportsIndirectInputEvents = YES;
				INFOPLIST_KEY_UILaunchScreen_Generation = YES;
				INFOPLIST_KEY_UISupportedInterfaceOrientations_iPad = "UIInterfaceOrientationPortrait UIInterfaceOrientationPortraitUpsideDown UIInterfaceOrientationLandscapeLeft UIInterfaceOrientationLandscapeRight";
				INFOPLIST_KEY_UISupportedInterfaceOrientations_iPhone = "UIInterfaceOrientationPortrait UIInterfaceOrientationLandscapeLeft UIInterfaceOrientationLandscapeRight";
				LD_RUNPATH_SEARCH_PATHS = (
					"$(inherited)",
					"@executable_path/Frameworks",
				);
				MARKETING_VERSION = 1.0;
				PRODUCT_BUNDLE_IDENTIFIER = com.yiboliang.LingualAudio;
				PRODUCT_NAME = "$(TARGET_NAME)";
				SWIFT_EMIT_LOC_STRINGS = YES;
				SWIFT_VERSION = 5.0;
				TARGETED_DEVICE_FAMILY = "1,2";
			};
			name = Release;
		};
		D87E5E3D2D38182600FFC779 /* Debug */ = {
			isa = XCBuildConfiguration;
			buildSettings = {
				BUNDLE_LOADER = "$(TEST_HOST)";
				CODE_SIGN_STYLE = Automatic;
				CURRENT_PROJECT_VERSION = 1;
				GENERATE_INFOPLIST_FILE = YES;
				IPHONEOS_DEPLOYMENT_TARGET = 18.2;
				MARKETING_VERSION = 1.0;
				PRODUCT_BUNDLE_IDENTIFIER = com.yiboliang.LingualAudioTests;
				PRODUCT_NAME = "$(TARGET_NAME)";
				SWIFT_EMIT_LOC_STRINGS = NO;
				SWIFT_VERSION = 5.0;
				TARGETED_DEVICE_FAMILY = "1,2";
				TEST_HOST = "$(BUILT_PRODUCTS_DIR)/LingualAudio.app/$(BUNDLE_EXECUTABLE_FOLDER_PATH)/LingualAudio";
			};
			name = Debug;
		};
		D87E5E3E2D38182600FFC779 /* Release */ = {
			isa = XCBuildConfiguration;
			buildSettings = {
				BUNDLE_LOADER = "$(TEST_HOST)";
				CODE_SIGN_STYLE = Automatic;
				CURRENT_PROJECT_VERSION = 1;
				GENERATE_INFOPLIST_FILE = YES;
				IPHONEOS_DEPLOYMENT_TARGET = 18.2;
				MARKETING_VERSION = 1.0;
				PRODUCT_BUNDLE_IDENTIFIER = com.yiboliang.LingualAudioTests;
				PRODUCT_NAME = "$(TARGET_NAME)";
				SWIFT_EMIT_LOC_STRINGS = NO;
				SWIFT_VERSION = 5.0;
				TARGETED_DEVICE_FAMILY = "1,2";
				TEST_HOST = "$(BUILT_PRODUCTS_DIR)/LingualAudio.app/$(BUNDLE_EXECUTABLE_FOLDER_PATH)/LingualAudio";
			};
			name = Release;
		};
		D87E5E402D38182600FFC779 /* Debug */ = {
			isa = XCBuildConfiguration;
			buildSettings = {
				CODE_SIGN_STYLE = Automatic;
				CURRENT_PROJECT_VERSION = 1;
				GENERATE_INFOPLIST_FILE = YES;
				MARKETING_VERSION = 1.0;
				PRODUCT_BUNDLE_IDENTIFIER = com.yiboliang.LingualAudioUITests;
				PRODUCT_NAME = "$(TARGET_NAME)";
				SWIFT_EMIT_LOC_STRINGS = NO;
				SWIFT_VERSION = 5.0;
				TARGETED_DEVICE_FAMILY = "1,2";
				TEST_TARGET_NAME = LingualAudio;
			};
			name = Debug;
		};
		D87E5E412D38182600FFC779 /* Release */ = {
			isa = XCBuildConfiguration;
			buildSettings = {
				CODE_SIGN_STYLE = Automatic;
				CURRENT_PROJECT_VERSION = 1;
				GENERATE_INFOPLIST_FILE = YES;
				MARKETING_VERSION = 1.0;
				PRODUCT_BUNDLE_IDENTIFIER = com.yiboliang.LingualAudioUITests;
				PRODUCT_NAME = "$(TARGET_NAME)";
				SWIFT_EMIT_LOC_STRINGS = NO;
				SWIFT_VERSION = 5.0;
				TARGETED_DEVICE_FAMILY = "1,2";
				TEST_TARGET_NAME = LingualAudio;
			};
			name = Release;
		};
/* End XCBuildConfiguration section */

/* Begin XCConfigurationList section */
		D87E5E102D38182500FFC779 /* Build configuration list for PBXProject "LingualAudio" */ = {
			isa = XCConfigurationList;
			buildConfigurations = (
				D87E5E372D38182600FFC779 /* Debug */,
				D87E5E382D38182600FFC779 /* Release */,
			);
			defaultConfigurationIsVisible = 0;
			defaultConfigurationName = Release;
		};
		D87E5E392D38182600FFC779 /* Build configuration list for PBXNativeTarget "LingualAudio" */ = {
			isa = XCConfigurationList;
			buildConfigurations = (
				D87E5E3A2D38182600FFC779 /* Debug */,
				D87E5E3B2D38182600FFC779 /* Release */,
			);
			defaultConfigurationIsVisible = 0;
			defaultConfigurationName = Release;
		};
		D87E5E3C2D38182600FFC779 /* Build configuration list for PBXNativeTarget "LingualAudioTests" */ = {
			isa = XCConfigurationList;
			buildConfigurations = (
				D87E5E3D2D38182600FFC779 /* Debug */,
				D87E5E3E2D38182600FFC779 /* Release */,
			);
			defaultConfigurationIsVisible = 0;
			defaultConfigurationName = Release;
		};
		D87E5E3F2D38182600FFC779 /* Build configuration list for PBXNativeTarget "LingualAudioUITests" */ = {
			isa = XCConfigurationList;
			buildConfigurations = (
				D87E5E402D38182600FFC779 /* Debug */,
				D87E5E412D38182600FFC779 /* Release */,
			);
			defaultConfigurationIsVisible = 0;
			defaultConfigurationName = Release;
		};
/* End XCConfigurationList section */
	};
	rootObject = D87E5E0D2D38182500FFC779 /* Project object */;
}
